{
  "name": "social-marketing-integration",
  "version": "0.2.0-core-sync-engine",
  "lockfileVersion": 3,
  "requires": true,
  "packages": {
    "": {
      "name": "social-marketing-integration",
      "version": "0.2.0-core-sync-engine",
      "workspaces": [
        "apps/*",
        "packages/*"
      ]
    }
  }
}
