{
  "name": "social-marketing-integration",
  "version": "0.2.5-canonical-datetime",
  "lockfileVersion": 3,
  "requires": true,
  "packages": {
    "": {
      "name": "social-marketing-integration",
      "version": "0.2.5-canonical-datetime",
      "workspaces": [
        "apps/*",
        "packages/*"
      ]
    }
  }
}
